
Microsoft Visual Studio Solution File, Format Version 12.00
# Visual Studio 14
VisualStudioVersion = 14.0.25420.1
MinimumVisualStudioVersion = 10.0.40219.1
Project("{FAE04EC0-301F-11D3-BF4B-00C04F79EFBC}") = "Lm.Eic.App.Mes.Window", "Lm.Eic.App.Mes.Window\Lm.Eic.App.Mes.Window.csproj", "{58ACDA09-E020-4FBA-AE27-AB4A31C1D868}"
EndProject
Project("{2150E333-8FDC-42A3-9474-1A3956D46DE8}") = "01_View", "01_View", "{1A96200D-1612-4781-934A-283B2A8A4780}"
EndProject
Project("{2150E333-8FDC-42A3-9474-1A3956D46DE8}") = "02_ViewModel", "02_ViewModel", "{8ECC1651-FF3C-4047-B6CD-6BCA235078E1}"
EndProject
Project("{2150E333-8FDC-42A3-9474-1A3956D46DE8}") = "06_Utility", "06_Utility", "{9CBB5F52-06ED-47C3-92F0-F90AA319BABD}"
EndProject
Project("{FAE04EC0-301F-11D3-BF4B-00C04F79EFBC}") = "ZhuiFengLib", "ZhuiFengLib\ZhuiFengLib.csproj", "{69B21E5E-6BFB-4A68-AC83-8469A182544C}"
EndProject
Project("{FAE04EC0-301F-11D3-BF4B-00C04F79EFBC}") = "Lm.Eic.App.Mes.ViewModel", "Lm.Eic.App.Mes.ViewModel\Lm.Eic.App.Mes.ViewModel.csproj", "{45BB0DC0-BD63-4B8C-BA84-C2754D91A47B}"
EndProject
Project("{FAE04EC0-301F-11D3-BF4B-00C04F79EFBC}") = "Lm.Eic.App.Mes.Utility", "Lm.Eic.App.Mes.Utility\Lm.Eic.App.Mes.Utility.csproj", "{7DC28271-B273-4277-9B35-98BDCD2D9004}"
EndProject
Project("{2150E333-8FDC-42A3-9474-1A3956D46DE8}") = "03_Business", "03_Business", "{8C0CFE11-1054-4B58-BE53-0AB95658DCD0}"
EndProject
Project("{FAE04EC0-301F-11D3-BF4B-00C04F79EFBC}") = "Lm.Eic.App.Mes.Business", "Lm.Eic.App.Mes.Business\Lm.Eic.App.Mes.Business.csproj", "{55DD36A6-AA78-49D8-B53F-C157C3A31ECA}"
EndProject
Project("{FAE04EC0-301F-11D3-BF4B-00C04F79EFBC}") = "Lm.Eic.App.Mes.Model", "Lm.Eic.App.Mes.Model\Lm.Eic.App.Mes.Model.csproj", "{45BB8132-0428-439A-B445-A445E7F08E9D}"
EndProject
Project("{FAE04EC0-301F-11D3-BF4B-00C04F79EFBC}") = "Lm.Eic.App.Mes.Resources", "Lm.Eic.App.Mes.Resources\Lm.Eic.App.Mes.Resources.csproj", "{599CFE3F-3F70-41FF-891F-A2BAE6916EAA}"
EndProject
Project("{FAE04EC0-301F-11D3-BF4B-00C04F79EFBC}") = "Lm.Eic.App.DbAccess", "Lm.Eic.App.DbAccess\Lm.Eic.App.DbAccess.csproj", "{9F0ABDA7-C0BE-408F-904D-240A9FBAC48E}"
EndProject
Global
	GlobalSection(SolutionConfigurationPlatforms) = preSolution
		Debug|Any CPU = Debug|Any CPU
		Release|Any CPU = Release|Any CPU
	EndGlobalSection
	GlobalSection(ProjectConfigurationPlatforms) = postSolution
		{58ACDA09-E020-4FBA-AE27-AB4A31C1D868}.Debug|Any CPU.ActiveCfg = Debug|Any CPU
		{58ACDA09-E020-4FBA-AE27-AB4A31C1D868}.Debug|Any CPU.Build.0 = Debug|Any CPU
		{58ACDA09-E020-4FBA-AE27-AB4A31C1D868}.Release|Any CPU.ActiveCfg = Release|Any CPU
		{58ACDA09-E020-4FBA-AE27-AB4A31C1D868}.Release|Any CPU.Build.0 = Release|Any CPU
		{69B21E5E-6BFB-4A68-AC83-8469A182544C}.Debug|Any CPU.ActiveCfg = Debug|Any CPU
		{69B21E5E-6BFB-4A68-AC83-8469A182544C}.Debug|Any CPU.Build.0 = Debug|Any CPU
		{69B21E5E-6BFB-4A68-AC83-8469A182544C}.Release|Any CPU.ActiveCfg = Release|Any CPU
		{69B21E5E-6BFB-4A68-AC83-8469A182544C}.Release|Any CPU.Build.0 = Release|Any CPU
		{45BB0DC0-BD63-4B8C-BA84-C2754D91A47B}.Debug|Any CPU.ActiveCfg = Debug|Any CPU
		{45BB0DC0-BD63-4B8C-BA84-C2754D91A47B}.Debug|Any CPU.Build.0 = Debug|Any CPU
		{45BB0DC0-BD63-4B8C-BA84-C2754D91A47B}.Release|Any CPU.ActiveCfg = Release|Any CPU
		{45BB0DC0-BD63-4B8C-BA84-C2754D91A47B}.Release|Any CPU.Build.0 = Release|Any CPU
		{7DC28271-B273-4277-9B35-98BDCD2D9004}.Debug|Any CPU.ActiveCfg = Debug|Any CPU
		{7DC28271-B273-4277-9B35-98BDCD2D9004}.Debug|Any CPU.Build.0 = Debug|Any CPU
		{7DC28271-B273-4277-9B35-98BDCD2D9004}.Release|Any CPU.ActiveCfg = Release|Any CPU
		{7DC28271-B273-4277-9B35-98BDCD2D9004}.Release|Any CPU.Build.0 = Release|Any CPU
		{55DD36A6-AA78-49D8-B53F-C157C3A31ECA}.Debug|Any CPU.ActiveCfg = Debug|Any CPU
		{55DD36A6-AA78-49D8-B53F-C157C3A31ECA}.Debug|Any CPU.Build.0 = Debug|Any CPU
		{55DD36A6-AA78-49D8-B53F-C157C3A31ECA}.Release|Any CPU.ActiveCfg = Release|Any CPU
		{55DD36A6-AA78-49D8-B53F-C157C3A31ECA}.Release|Any CPU.Build.0 = Release|Any CPU
		{45BB8132-0428-439A-B445-A445E7F08E9D}.Debug|Any CPU.ActiveCfg = Debug|Any CPU
		{45BB8132-0428-439A-B445-A445E7F08E9D}.Debug|Any CPU.Build.0 = Debug|Any CPU
		{45BB8132-0428-439A-B445-A445E7F08E9D}.Release|Any CPU.ActiveCfg = Release|Any CPU
		{45BB8132-0428-439A-B445-A445E7F08E9D}.Release|Any CPU.Build.0 = Release|Any CPU
		{599CFE3F-3F70-41FF-891F-A2BAE6916EAA}.Debug|Any CPU.ActiveCfg = Debug|Any CPU
		{599CFE3F-3F70-41FF-891F-A2BAE6916EAA}.Debug|Any CPU.Build.0 = Debug|Any CPU
		{599CFE3F-3F70-41FF-891F-A2BAE6916EAA}.Release|Any CPU.ActiveCfg = Release|Any CPU
		{599CFE3F-3F70-41FF-891F-A2BAE6916EAA}.Release|Any CPU.Build.0 = Release|Any CPU
		{9F0ABDA7-C0BE-408F-904D-240A9FBAC48E}.Debug|Any CPU.ActiveCfg = Debug|Any CPU
		{9F0ABDA7-C0BE-408F-904D-240A9FBAC48E}.Debug|Any CPU.Build.0 = Debug|Any CPU
		{9F0ABDA7-C0BE-408F-904D-240A9FBAC48E}.Release|Any CPU.ActiveCfg = Release|Any CPU
		{9F0ABDA7-C0BE-408F-904D-240A9FBAC48E}.Release|Any CPU.Build.0 = Release|Any CPU
	EndGlobalSection
	GlobalSection(SolutionProperties) = preSolution
		HideSolutionNode = FALSE
	EndGlobalSection
	GlobalSection(NestedProjects) = preSolution
		{58ACDA09-E020-4FBA-AE27-AB4A31C1D868} = {1A96200D-1612-4781-934A-283B2A8A4780}
		{69B21E5E-6BFB-4A68-AC83-8469A182544C} = {9CBB5F52-06ED-47C3-92F0-F90AA319BABD}
		{45BB0DC0-BD63-4B8C-BA84-C2754D91A47B} = {8ECC1651-FF3C-4047-B6CD-6BCA235078E1}
		{7DC28271-B273-4277-9B35-98BDCD2D9004} = {9CBB5F52-06ED-47C3-92F0-F90AA319BABD}
		{55DD36A6-AA78-49D8-B53F-C157C3A31ECA} = {8C0CFE11-1054-4B58-BE53-0AB95658DCD0}
		{45BB8132-0428-439A-B445-A445E7F08E9D} = {8C0CFE11-1054-4B58-BE53-0AB95658DCD0}
		{599CFE3F-3F70-41FF-891F-A2BAE6916EAA} = {1A96200D-1612-4781-934A-283B2A8A4780}
		{9F0ABDA7-C0BE-408F-904D-240A9FBAC48E} = {8C0CFE11-1054-4B58-BE53-0AB95658DCD0}
	EndGlobalSection
EndGlobal
